lockfileVersion: '9.0'

settings:
  autoInstallPeers: true
  excludeLinksFromLockfile: false

importers:

  .:
    dependencies:
      neuroinfoapi-client:
        specifier: 2.1.0
        version: 2.1.0
    devDependencies:
      '@types/bun':
        specifier: ^1.3.14
        version: 1.3.14
      '@types/node':
        specifier: ^26.1.0
        version: 26.1.0
      typescript:
        specifier: ^6.0.3
        version: 6.0.3

packages:

  '@types/bun@1.3.14':
    resolution: {integrity: sha512-h1hFqFVcvAvD9j9K7ZW7vd82aSA+rTdznZa+5bwvCwqSB1jmmfLcbIWhOLx1/+boy/xmjgCs/OMUL8hRJSmnPw==}

  '@types/node@26.1.0':
    resolution: {integrity: sha512-O0A1G3xPGy4w7AgQdAQYUlQ+BKk2Oovw8eRpofyp5KdBZULnbe+WqaOVNrm705SHphCiG4XHsACrSmPu1f+Kgw==}

  bun-types@1.3.14:
    resolution: {integrity: sha512-4N0ig0fEomHt5R0KCFWjovxow98rIoRwKolrYdCcknNwMekCXRnWEUvgu5soYV8QXtVsrUD8B95MBOZGPvr6KQ==}

  neuroinfoapi-client@2.1.0:
    resolution: {integrity: sha512-aOVNR2Wry2cnimnv0VEw0qEZ0/OzJokzcfLpvAUHXgMy6Sywp3eQT+NEBs67oBNIftd57Fvyva8DXxWYt0F42A==}

  typescript@6.0.3:
    resolution: {integrity: sha512-y2TvuxSZPDyQakkFRPZHKFm+KKVqIisdg9/CZwm9ftvKXLP8NRWj38/ODjNbr43SsoXqNuAisEf1GdCxqWcdBw==}
    engines: {node: '>=14.17'}
    hasBin: true

  undici-types@8.3.0:
    resolution: {integrity: sha512-j375ScV60dom+YkPFIfTLcOiPxkN/buHz5GobjLhixFuANaNs3C9l4GmrWqejgXWJ7BbJcFYpTEUkS1Ge8bpZQ==}

snapshots:

  '@types/bun@1.3.14':
    dependencies:
      bun-types: 1.3.14

  '@types/node@26.1.0':
    dependencies:
      undici-types: 8.3.0

  bun-types@1.3.14:
    dependencies:
      '@types/node': 26.1.0

  neuroinfoapi-client@2.1.0: {}

  typescript@6.0.3: {}

  undici-types@8.3.0: {}
